// !$*UTF8*$!
{
	archiveVersion = 1;
	classes = {
	};
	objectVersion = 51;
	objects = {

/* Begin PBXBuildFile section */
		126CC583C8F0F4BA31CDD797 /* Pods_weatherUITests.framework in Frameworks */ = {isa = PBXBuildFile; fileRef = A783502FF3288D895CA325F4 /* Pods_weatherUITests.framework */; };
		2E9661DC54A584D84E79451E /* Pods_weatherTests.framework in Frameworks */ = {isa = PBXBuildFile; fileRef = 4DB9C2CEFEFEA3C1BD6C4643 /* Pods_weatherTests.framework */; };
		6A5E09096C93821115BF764D /* Pods_weather.framework in Frameworks */ = {isa = PBXBuildFile; fileRef = 683CFFE866C12B3ED5522F26 /* Pods_weather.framework */; };
		A415B9B422D45DD20077783A /* ErrorInfo.swift in Sources */ = {isa = PBXBuildFile; fileRef = A415B9B322D45DD20077783A /* ErrorInfo.swift */; };
		A43EF24822B3C87900C8B793 /* WeatherTownPresenterCell.swift in Sources */ = {isa = PBXBuildFile; fileRef = A43EF24722B3C87900C8B793 /* WeatherTownPresenterCell.swift */; };
		A460747422B3975200FDCAE1 /* ForecastTableViewCell.swift in Sources */ = {isa = PBXBuildFile; fileRef = A460747322B3975200FDCAE1 /* ForecastTableViewCell.swift */; };
		A461A11A22B4DF8400F20DD4 /* TownModel.swift in Sources */ = {isa = PBXBuildFile; fileRef = A461A11922B4DF8400F20DD4 /* TownModel.swift */; };
		A461A11C22B4DFB500F20DD4 /* ForecastModel.swift in Sources */ = {isa = PBXBuildFile; fileRef = A461A11B22B4DFB500F20DD4 /* ForecastModel.swift */; };
		A461A11E22B4DFEC00F20DD4 /* TownDataBase.swift in Sources */ = {isa = PBXBuildFile; fileRef = A461A11D22B4DFEC00F20DD4 /* TownDataBase.swift */; };
		A461A12022B4E01000F20DD4 /* NetworkServiceAPI.swift in Sources */ = {isa = PBXBuildFile; fileRef = A461A11F22B4E01000F20DD4 /* NetworkServiceAPI.swift */; };
		A461A12222B4E9B600F20DD4 /* TownItemDB.swift in Sources */ = {isa = PBXBuildFile; fileRef = A461A12122B4E9B600F20DD4 /* TownItemDB.swift */; };
		A46A21BF22AFEC55002494C5 /* AppDelegate.swift in Sources */ = {isa = PBXBuildFile; fileRef = A46A21BE22AFEC55002494C5 /* AppDelegate.swift */; };
		A46A21C422AFEC55002494C5 /* Main.storyboard in Resources */ = {isa = PBXBuildFile; fileRef = A46A21C222AFEC55002494C5 /* Main.storyboard */; };
		A46A21C722AFEC55002494C5 /* weather.xcdatamodeld in Sources */ = {isa = PBXBuildFile; fileRef = A46A21C522AFEC55002494C5 /* weather.xcdatamodeld */; };
		A46A21C922AFEC59002494C5 /* Assets.xcassets in Resources */ = {isa = PBXBuildFile; fileRef = A46A21C822AFEC59002494C5 /* Assets.xcassets */; };
		A46A21CC22AFEC59002494C5 /* LaunchScreen.storyboard in Resources */ = {isa = PBXBuildFile; fileRef = A46A21CA22AFEC59002494C5 /* LaunchScreen.storyboard */; };
		A46A21D722AFEC59002494C5 /* weatherTests.swift in Sources */ = {isa = PBXBuildFile; fileRef = A46A21D622AFEC59002494C5 /* weatherTests.swift */; };
		A46A21E222AFEC59002494C5 /* weatherUITests.swift in Sources */ = {isa = PBXBuildFile; fileRef = A46A21E122AFEC59002494C5 /* weatherUITests.swift */; };
		A47A74BF22DB7C5000F1273F /* WeatherTownInteractor.swift in Sources */ = {isa = PBXBuildFile; fileRef = A47A74B922DB7C5000F1273F /* WeatherTownInteractor.swift */; };
		A47A74C022DB7C5000F1273F /* WeatherTownPresenter.swift in Sources */ = {isa = PBXBuildFile; fileRef = A47A74BA22DB7C5000F1273F /* WeatherTownPresenter.swift */; };
		A47A74C122DB7C5000F1273F /* WeatherTownProtocols.swift in Sources */ = {isa = PBXBuildFile; fileRef = A47A74BB22DB7C5000F1273F /* WeatherTownProtocols.swift */; };
		A47A74C222DB7C5000F1273F /* WeatherTownRouter.swift in Sources */ = {isa = PBXBuildFile; fileRef = A47A74BC22DB7C5000F1273F /* WeatherTownRouter.swift */; };
		A47A74C322DB7C5000F1273F /* WeatherTownViewController.swift in Sources */ = {isa = PBXBuildFile; fileRef = A47A74BD22DB7C5000F1273F /* WeatherTownViewController.swift */; };
		A47A74C422DB7C5000F1273F /* WeatherTownViewController.xib in Resources */ = {isa = PBXBuildFile; fileRef = A47A74BE22DB7C5000F1273F /* WeatherTownViewController.xib */; };
		A47B060122CD3C4C00B5F1B4 /* WeatherTownInteractorAPI.swift in Sources */ = {isa = PBXBuildFile; fileRef = A47B060022CD3C4C00B5F1B4 /* WeatherTownInteractorAPI.swift */; };
		A4A733EE22C70D5D007ECE70 /* ForecastAPIModel.swift in Sources */ = {isa = PBXBuildFile; fileRef = A4A733ED22C70D5D007ECE70 /* ForecastAPIModel.swift */; };
		A4A733F022C71008007ECE70 /* TownAPIModel.swift in Sources */ = {isa = PBXBuildFile; fileRef = A4A733EF22C71008007ECE70 /* TownAPIModel.swift */; };
		A4AB528122D0A5CE00D9ED7B /* ButtonView.swift in Sources */ = {isa = PBXBuildFile; fileRef = A4AB528022D0A5CE00D9ED7B /* ButtonView.swift */; };
		A4CE7D2122CF0E9000AB8EEF /* WeatherTownViewCell.swift in Sources */ = {isa = PBXBuildFile; fileRef = A4CE7D1F22CF0E9000AB8EEF /* WeatherTownViewCell.swift */; };
		A4CE7D2222CF0E9000AB8EEF /* WeatherTownViewCell.xib in Resources */ = {isa = PBXBuildFile; fileRef = A4CE7D2022CF0E9000AB8EEF /* WeatherTownViewCell.xib */; };
		A4EAF97122B01755009A1C4C /* ForecastInteractor.swift in Sources */ = {isa = PBXBuildFile; fileRef = A4EAF96B22B01755009A1C4C /* ForecastInteractor.swift */; };
		A4EAF97222B01755009A1C4C /* ForecastPresenter.swift in Sources */ = {isa = PBXBuildFile; fileRef = A4EAF96C22B01755009A1C4C /* ForecastPresenter.swift */; };
		A4EAF97322B01755009A1C4C /* ForecastProtocols.swift in Sources */ = {isa = PBXBuildFile; fileRef = A4EAF96D22B01755009A1C4C /* ForecastProtocols.swift */; };
		A4EAF97422B01755009A1C4C /* ForecastRouter.swift in Sources */ = {isa = PBXBuildFile; fileRef = A4EAF96E22B01755009A1C4C /* ForecastRouter.swift */; };
		A4EAF97522B01755009A1C4C /* ForecastViewController.swift in Sources */ = {isa = PBXBuildFile; fileRef = A4EAF96F22B01755009A1C4C /* ForecastViewController.swift */; };
		A4EAF97F22B01A79009A1C4C /* WeatherTownInteractorDB.swift in Sources */ = {isa = PBXBuildFile; fileRef = A4EAF97922B01A79009A1C4C /* WeatherTownInteractorDB.swift */; };
/* End PBXBuildFile section */

/* Begin PBXContainerItemProxy section */
		A46A21D322AFEC59002494C5 /* PBXContainerItemProxy */ = {
			isa = PBXContainerItemProxy;
			containerPortal = A46A21B322AFEC54002494C5 /* Project object */;
			proxyType = 1;
			remoteGlobalIDString = A46A21BA22AFEC54002494C5;
			remoteInfo = weather;
		};
		A46A21DE22AFEC59002494C5 /* PBXContainerItemProxy */ = {
			isa = PBXContainerItemProxy;
			containerPortal = A46A21B322AFEC54002494C5 /* Project object */;
			proxyType = 1;
			remoteGlobalIDString = A46A21BA22AFEC54002494C5;
			remoteInfo = weather;
		};
/* End PBXContainerItemProxy section */

/* Begin PBXFileReference section */
		1C068B3221A3E6A6B13A3D52 /* Pods-weather.release.xcconfig */ = {isa = PBXFileReference; includeInIndex = 1; lastKnownFileType = text.xcconfig; name = "Pods-weather.release.xcconfig"; path = "Target Support Files/Pods-weather/Pods-weather.release.xcconfig"; sourceTree = "<group>"; };
		3527E0D55AF70E89E50A0FAE /* Pods-weather.debug.xcconfig */ = {isa = PBXFileReference; includeInIndex = 1; lastKnownFileType = text.xcconfig; name = "Pods-weather.debug.xcconfig"; path = "Target Support Files/Pods-weather/Pods-weather.debug.xcconfig"; sourceTree = "<group>"; };
		38B51376AF49130D1B80E3C5 /* Pods-weatherUITests.release.xcconfig */ = {isa = PBXFileReference; includeInIndex = 1; lastKnownFileType = text.xcconfig; name = "Pods-weatherUITests.release.xcconfig"; path = "Target Support Files/Pods-weatherUITests/Pods-weatherUITests.release.xcconfig"; sourceTree = "<group>"; };
		4DB9C2CEFEFEA3C1BD6C4643 /* Pods_weatherTests.framework */ = {isa = PBXFileReference; explicitFileType = wrapper.framework; includeInIndex = 0; path = Pods_weatherTests.framework; sourceTree = BUILT_PRODUCTS_DIR; };
		5683C05319A6038D5ACADB64 /* Pods-weatherTests.release.xcconfig */ = {isa = PBXFileReference; includeInIndex = 1; lastKnownFileType = text.xcconfig; name = "Pods-weatherTests.release.xcconfig"; path = "Target Support Files/Pods-weatherTests/Pods-weatherTests.release.xcconfig"; sourceTree = "<group>"; };
		683CFFE866C12B3ED5522F26 /* Pods_weather.framework */ = {isa = PBXFileReference; explicitFileType = wrapper.framework; includeInIndex = 0; path = Pods_weather.framework; sourceTree = BUILT_PRODUCTS_DIR; };
		8896A7C59D8BAF4B80980CD6 /* Pods-weatherTests.debug.xcconfig */ = {isa = PBXFileReference; includeInIndex = 1; lastKnownFileType = text.xcconfig; name = "Pods-weatherTests.debug.xcconfig"; path = "Target Support Files/Pods-weatherTests/Pods-weatherTests.debug.xcconfig"; sourceTree = "<group>"; };
		A415B9B322D45DD20077783A /* ErrorInfo.swift */ = {isa = PBXFileReference; lastKnownFileType = sourcecode.swift; path = ErrorInfo.swift; sourceTree = "<group>"; };
		A43EF24722B3C87900C8B793 /* WeatherTownPresenterCell.swift */ = {isa = PBXFileReference; lastKnownFileType = sourcecode.swift; path = WeatherTownPresenterCell.swift; sourceTree = "<group>"; };
		A460747322B3975200FDCAE1 /* ForecastTableViewCell.swift */ = {isa = PBXFileReference; lastKnownFileType = sourcecode.swift; path = ForecastTableViewCell.swift; sourceTree = "<group>"; };
		A461A11922B4DF8400F20DD4 /* TownModel.swift */ = {isa = PBXFileReference; lastKnownFileType = sourcecode.swift; path = TownModel.swift; sourceTree = "<group>"; };
		A461A11B22B4DFB500F20DD4 /* ForecastModel.swift */ = {isa = PBXFileReference; lastKnownFileType = sourcecode.swift; path = ForecastModel.swift; sourceTree = "<group>"; };
		A461A11D22B4DFEC00F20DD4 /* TownDataBase.swift */ = {isa = PBXFileReference; lastKnownFileType = sourcecode.swift; path = TownDataBase.swift; sourceTree = "<group>"; };
		A461A11F22B4E01000F20DD4 /* NetworkServiceAPI.swift */ = {isa = PBXFileReference; lastKnownFileType = sourcecode.swift; path = NetworkServiceAPI.swift; sourceTree = "<group>"; };
		A461A12122B4E9B600F20DD4 /* TownItemDB.swift */ = {isa = PBXFileReference; lastKnownFileType = sourcecode.swift; path = TownItemDB.swift; sourceTree = "<group>"; };
		A46A21BB22AFEC55002494C5 /* weather.app */ = {isa = PBXFileReference; explicitFileType = wrapper.application; includeInIndex = 0; path = weather.app; sourceTree = BUILT_PRODUCTS_DIR; };
		A46A21BE22AFEC55002494C5 /* AppDelegate.swift */ = {isa = PBXFileReference; lastKnownFileType = sourcecode.swift; path = AppDelegate.swift; sourceTree = "<group>"; };
		A46A21C322AFEC55002494C5 /* Base */ = {isa = PBXFileReference; lastKnownFileType = file.storyboard; name = Base; path = Base.lproj/Main.storyboard; sourceTree = "<group>"; };
		A46A21C622AFEC55002494C5 /* weather.xcdatamodel */ = {isa = PBXFileReference; lastKnownFileType = wrapper.xcdatamodel; path = weather.xcdatamodel; sourceTree = "<group>"; };
		A46A21C822AFEC59002494C5 /* Assets.xcassets */ = {isa = PBXFileReference; lastKnownFileType = folder.assetcatalog; path = Assets.xcassets; sourceTree = "<group>"; };
		A46A21CB22AFEC59002494C5 /* Base */ = {isa = PBXFileReference; lastKnownFileType = file.storyboard; name = Base; path = Base.lproj/LaunchScreen.storyboard; sourceTree = "<group>"; };
		A46A21CD22AFEC59002494C5 /* Info.plist */ = {isa = PBXFileReference; lastKnownFileType = text.plist.xml; path = Info.plist; sourceTree = "<group>"; };
		A46A21D222AFEC59002494C5 /* weatherTests.xctest */ = {isa = PBXFileReference; explicitFileType = wrapper.cfbundle; includeInIndex = 0; path = weatherTests.xctest; sourceTree = BUILT_PRODUCTS_DIR; };
		A46A21D622AFEC59002494C5 /* weatherTests.swift */ = {isa = PBXFileReference; lastKnownFileType = sourcecode.swift; path = weatherTests.swift; sourceTree = "<group>"; };
		A46A21D822AFEC59002494C5 /* Info.plist */ = {isa = PBXFileReference; lastKnownFileType = text.plist.xml; path = Info.plist; sourceTree = "<group>"; };
		A46A21DD22AFEC59002494C5 /* weatherUITests.xctest */ = {isa = PBXFileReference; explicitFileType = wrapper.cfbundle; includeInIndex = 0; path = weatherUITests.xctest; sourceTree = BUILT_PRODUCTS_DIR; };
		A46A21E122AFEC59002494C5 /* weatherUITests.swift */ = {isa = PBXFileReference; lastKnownFileType = sourcecode.swift; path = weatherUITests.swift; sourceTree = "<group>"; };
		A46A21E322AFEC59002494C5 /* Info.plist */ = {isa = PBXFileReference; lastKnownFileType = text.plist.xml; path = Info.plist; sourceTree = "<group>"; };
		A47A74B922DB7C5000F1273F /* WeatherTownInteractor.swift */ = {isa = PBXFileReference; lastKnownFileType = sourcecode.swift; path = WeatherTownInteractor.swift; sourceTree = "<group>"; };
		A47A74BA22DB7C5000F1273F /* WeatherTownPresenter.swift */ = {isa = PBXFileReference; lastKnownFileType = sourcecode.swift; path = WeatherTownPresenter.swift; sourceTree = "<group>"; };
		A47A74BB22DB7C5000F1273F /* WeatherTownProtocols.swift */ = {isa = PBXFileReference; lastKnownFileType = sourcecode.swift; path = WeatherTownProtocols.swift; sourceTree = "<group>"; };
		A47A74BC22DB7C5000F1273F /* WeatherTownRouter.swift */ = {isa = PBXFileReference; lastKnownFileType = sourcecode.swift; path = WeatherTownRouter.swift; sourceTree = "<group>"; };
		A47A74BD22DB7C5000F1273F /* WeatherTownViewController.swift */ = {isa = PBXFileReference; lastKnownFileType = sourcecode.swift; path = WeatherTownViewController.swift; sourceTree = "<group>"; };
		A47A74BE22DB7C5000F1273F /* WeatherTownViewController.xib */ = {isa = PBXFileReference; lastKnownFileType = file.xib; path = WeatherTownViewController.xib; sourceTree = "<group>"; };
		A47B060022CD3C4C00B5F1B4 /* WeatherTownInteractorAPI.swift */ = {isa = PBXFileReference; lastKnownFileType = sourcecode.swift; path = WeatherTownInteractorAPI.swift; sourceTree = "<group>"; };
		A4A733ED22C70D5D007ECE70 /* ForecastAPIModel.swift */ = {isa = PBXFileReference; lastKnownFileType = sourcecode.swift; path = ForecastAPIModel.swift; sourceTree = "<group>"; };
		A4A733EF22C71008007ECE70 /* TownAPIModel.swift */ = {isa = PBXFileReference; lastKnownFileType = sourcecode.swift; path = TownAPIModel.swift; sourceTree = "<group>"; };
		A4AB528022D0A5CE00D9ED7B /* ButtonView.swift */ = {isa = PBXFileReference; lastKnownFileType = sourcecode.swift; path = ButtonView.swift; sourceTree = "<group>"; };
		A4CE7D1F22CF0E9000AB8EEF /* WeatherTownViewCell.swift */ = {isa = PBXFileReference; lastKnownFileType = sourcecode.swift; path = WeatherTownViewCell.swift; sourceTree = "<group>"; };
		A4CE7D2022CF0E9000AB8EEF /* WeatherTownViewCell.xib */ = {isa = PBXFileReference; lastKnownFileType = file.xib; path = WeatherTownViewCell.xib; sourceTree = "<group>"; };
		A4EAF96B22B01755009A1C4C /* ForecastInteractor.swift */ = {isa = PBXFileReference; lastKnownFileType = sourcecode.swift; path = ForecastInteractor.swift; sourceTree = "<group>"; };
		A4EAF96C22B01755009A1C4C /* ForecastPresenter.swift */ = {isa = PBXFileReference; lastKnownFileType = sourcecode.swift; path = ForecastPresenter.swift; sourceTree = "<group>"; };
		A4EAF96D22B01755009A1C4C /* ForecastProtocols.swift */ = {isa = PBXFileReference; lastKnownFileType = sourcecode.swift; path = ForecastProtocols.swift; sourceTree = "<group>"; };
		A4EAF96E22B01755009A1C4C /* ForecastRouter.swift */ = {isa = PBXFileReference; lastKnownFileType = sourcecode.swift; path = ForecastRouter.swift; sourceTree = "<group>"; };
		A4EAF96F22B01755009A1C4C /* ForecastViewController.swift */ = {isa = PBXFileReference; lastKnownFileType = sourcecode.swift; path = ForecastViewController.swift; sourceTree = "<group>"; };
		A4EAF97922B01A79009A1C4C /* WeatherTownInteractorDB.swift */ = {isa = PBXFileReference; lastKnownFileType = sourcecode.swift; path = WeatherTownInteractorDB.swift; sourceTree = "<group>"; };
		A783502FF3288D895CA325F4 /* Pods_weatherUITests.framework */ = {isa = PBXFileReference; explicitFileType = wrapper.framework; includeInIndex = 0; path = Pods_weatherUITests.framework; sourceTree = BUILT_PRODUCTS_DIR; };
		CB90B832D3D888B96A900F86 /* Pods-weatherUITests.debug.xcconfig */ = {isa = PBXFileReference; includeInIndex = 1; lastKnownFileType = text.xcconfig; name = "Pods-weatherUITests.debug.xcconfig"; path = "Target Support Files/Pods-weatherUITests/Pods-weatherUITests.debug.xcconfig"; sourceTree = "<group>"; };
/* End PBXFileReference section */

/* Begin PBXFrameworksBuildPhase section */
		A46A21B822AFEC54002494C5 /* Frameworks */ = {
			isa = PBXFrameworksBuildPhase;
			buildActionMask = 2147483647;
			files = (
				6A5E09096C93821115BF764D /* Pods_weather.framework in Frameworks */,
			);
			runOnlyForDeploymentPostprocessing = 0;
		};
		A46A21CF22AFEC59002494C5 /* Frameworks */ = {
			isa = PBXFrameworksBuildPhase;
			buildActionMask = 2147483647;
			files = (
				2E9661DC54A584D84E79451E /* Pods_weatherTests.framework in Frameworks */,
			);
			runOnlyForDeploymentPostprocessing = 0;
		};
		A46A21DA22AFEC59002494C5 /* Frameworks */ = {
			isa = PBXFrameworksBuildPhase;
			buildActionMask = 2147483647;
			files = (
				126CC583C8F0F4BA31CDD797 /* Pods_weatherUITests.framework in Frameworks */,
			);
			runOnlyForDeploymentPostprocessing = 0;
		};
/* End PBXFrameworksBuildPhase section */

/* Begin PBXGroup section */
		09462179BE5D3CE34DECC871 /* Pods */ = {
			isa = PBXGroup;
			children = (
				3527E0D55AF70E89E50A0FAE /* Pods-weather.debug.xcconfig */,
				1C068B3221A3E6A6B13A3D52 /* Pods-weather.release.xcconfig */,
				8896A7C59D8BAF4B80980CD6 /* Pods-weatherTests.debug.xcconfig */,
				5683C05319A6038D5ACADB64 /* Pods-weatherTests.release.xcconfig */,
				CB90B832D3D888B96A900F86 /* Pods-weatherUITests.debug.xcconfig */,
				38B51376AF49130D1B80E3C5 /* Pods-weatherUITests.release.xcconfig */,
			);
			path = Pods;
			sourceTree = "<group>";
		};
		8BB450A350A2474B2AE3E58A /* Frameworks */ = {
			isa = PBXGroup;
			children = (
				683CFFE866C12B3ED5522F26 /* Pods_weather.framework */,
				4DB9C2CEFEFEA3C1BD6C4643 /* Pods_weatherTests.framework */,
				A783502FF3288D895CA325F4 /* Pods_weatherUITests.framework */,
			);
			name = Frameworks;
			sourceTree = "<group>";
		};
		A460747022B391BF00FDCAE1 /* NetworkService */ = {
			isa = PBXGroup;
			children = (
				A461A11F22B4E01000F20DD4 /* NetworkServiceAPI.swift */,
			);
			path = NetworkService;
			sourceTree = "<group>";
		};
		A46A21B222AFEC54002494C5 = {
			isa = PBXGroup;
			children = (
				A46A21BD22AFEC55002494C5 /* Weather */,
				A46A21D522AFEC59002494C5 /* weatherTests */,
				A46A21E022AFEC59002494C5 /* weatherUITests */,
				A46A21BC22AFEC55002494C5 /* Products */,
				09462179BE5D3CE34DECC871 /* Pods */,
				8BB450A350A2474B2AE3E58A /* Frameworks */,
			);
			sourceTree = "<group>";
		};
		A46A21BC22AFEC55002494C5 /* Products */ = {
			isa = PBXGroup;
			children = (
				A46A21BB22AFEC55002494C5 /* weather.app */,
				A46A21D222AFEC59002494C5 /* weatherTests.xctest */,
				A46A21DD22AFEC59002494C5 /* weatherUITests.xctest */,
			);
			name = Products;
			sourceTree = "<group>";
		};
		A46A21BD22AFEC55002494C5 /* Weather */ = {
			isa = PBXGroup;
			children = (
				A46A21BE22AFEC55002494C5 /* AppDelegate.swift */,
				A47A74B822DB7C2700F1273F /* WeatherTown */,
				A415B9B322D45DD20077783A /* ErrorInfo.swift */,
				A460747022B391BF00FDCAE1 /* NetworkService */,
				A4EAF98622B022B1009A1C4C /* DataService */,
				A4EAF98522B02263009A1C4C /* Model */,
				A4EAF97822B01A43009A1C4C /* Forecast */,
				A46A21C222AFEC55002494C5 /* Main.storyboard */,
				A46A21C822AFEC59002494C5 /* Assets.xcassets */,
				A46A21CA22AFEC59002494C5 /* LaunchScreen.storyboard */,
				A46A21CD22AFEC59002494C5 /* Info.plist */,
				A46A21C522AFEC55002494C5 /* weather.xcdatamodeld */,
			);
			path = Weather;
			sourceTree = "<group>";
		};
		A46A21D522AFEC59002494C5 /* weatherTests */ = {
			isa = PBXGroup;
			children = (
				A46A21D622AFEC59002494C5 /* weatherTests.swift */,
				A46A21D822AFEC59002494C5 /* Info.plist */,
			);
			path = weatherTests;
			sourceTree = "<group>";
		};
		A46A21E022AFEC59002494C5 /* weatherUITests */ = {
			isa = PBXGroup;
			children = (
				A46A21E122AFEC59002494C5 /* weatherUITests.swift */,
				A46A21E322AFEC59002494C5 /* Info.plist */,
			);
			path = weatherUITests;
			sourceTree = "<group>";
		};
		A47A74B822DB7C2700F1273F /* WeatherTown */ = {
			isa = PBXGroup;
			children = (
				A4EAF97922B01A79009A1C4C /* WeatherTownInteractorDB.swift */,
				A47B060022CD3C4C00B5F1B4 /* WeatherTownInteractorAPI.swift */,
				A47A74B922DB7C5000F1273F /* WeatherTownInteractor.swift */,
				A47A74BA22DB7C5000F1273F /* WeatherTownPresenter.swift */,
				A47A74BB22DB7C5000F1273F /* WeatherTownProtocols.swift */,
				A47A74BC22DB7C5000F1273F /* WeatherTownRouter.swift */,
				A47A74BD22DB7C5000F1273F /* WeatherTownViewController.swift */,
				A47A74BE22DB7C5000F1273F /* WeatherTownViewController.xib */,
				A4AB528022D0A5CE00D9ED7B /* ButtonView.swift */,
				A4DE27F722B7995D003DE7BB /* WeatherTownCell */,
			);
			path = WeatherTown;
			sourceTree = "<group>";
		};
		A4DE27F722B7995D003DE7BB /* WeatherTownCell */ = {
			isa = PBXGroup;
			children = (
				A43EF24722B3C87900C8B793 /* WeatherTownPresenterCell.swift */,
				A4CE7D1F22CF0E9000AB8EEF /* WeatherTownViewCell.swift */,
				A4CE7D2022CF0E9000AB8EEF /* WeatherTownViewCell.xib */,
			);
			path = WeatherTownCell;
			sourceTree = "<group>";
		};
		A4EAF97822B01A43009A1C4C /* Forecast */ = {
			isa = PBXGroup;
			children = (
				A4EAF96B22B01755009A1C4C /* ForecastInteractor.swift */,
				A4EAF96C22B01755009A1C4C /* ForecastPresenter.swift */,
				A4EAF96D22B01755009A1C4C /* ForecastProtocols.swift */,
				A4EAF96E22B01755009A1C4C /* ForecastRouter.swift */,
				A4EAF96F22B01755009A1C4C /* ForecastViewController.swift */,
				A460747322B3975200FDCAE1 /* ForecastTableViewCell.swift */,
			);
			path = Forecast;
			sourceTree = "<group>";
		};
		A4EAF98522B02263009A1C4C /* Model */ = {
			isa = PBXGroup;
			children = (
				A461A11922B4DF8400F20DD4 /* TownModel.swift */,
				A461A11B22B4DFB500F20DD4 /* ForecastModel.swift */,
				A461A12122B4E9B600F20DD4 /* TownItemDB.swift */,
				A4A733ED22C70D5D007ECE70 /* ForecastAPIModel.swift */,
				A4A733EF22C71008007ECE70 /* TownAPIModel.swift */,
			);
			path = Model;
			sourceTree = "<group>";
		};
		A4EAF98622B022B1009A1C4C /* DataService */ = {
			isa = PBXGroup;
			children = (
				A461A11D22B4DFEC00F20DD4 /* TownDataBase.swift */,
			);
			path = DataService;
			sourceTree = "<group>";
		};
/* End PBXGroup section */

/* Begin PBXNativeTarget section */
		A46A21BA22AFEC54002494C5 /* weather */ = {
			isa = PBXNativeTarget;
			buildConfigurationList = A46A21E622AFEC5A002494C5 /* Build configuration list for PBXNativeTarget "weather" */;
			buildPhases = (
				3447C3FFA4FDA508E86C4E69 /* [CP] Check Pods Manifest.lock */,
				A46A21B722AFEC54002494C5 /* Sources */,
				A46A21B822AFEC54002494C5 /* Frameworks */,
				A46A21B922AFEC54002494C5 /* Resources */,
				D84FF50F3BA8392DDBF686A0 /* [CP] Embed Pods Frameworks */,
			);
			buildRules = (
			);
			dependencies = (
			);
			name = weather;
			productName = weather;
			productReference = A46A21BB22AFEC55002494C5 /* weather.app */;
			productType = "com.apple.product-type.application";
		};
		A46A21D122AFEC59002494C5 /* weatherTests */ = {
			isa = PBXNativeTarget;
			buildConfigurationList = A46A21E922AFEC5A002494C5 /* Build configuration list for PBXNativeTarget "weatherTests" */;
			buildPhases = (
				0A24834EEA6E011656A46C94 /* [CP] Check Pods Manifest.lock */,
				A46A21CE22AFEC59002494C5 /* Sources */,
				A46A21CF22AFEC59002494C5 /* Frameworks */,
				A46A21D022AFEC59002494C5 /* Resources */,
			);
			buildRules = (
			);
			dependencies = (
				A46A21D422AFEC59002494C5 /* PBXTargetDependency */,
			);
			name = weatherTests;
			productName = weatherTests;
			productReference = A46A21D222AFEC59002494C5 /* weatherTests.xctest */;
			productType = "com.apple.product-type.bundle.unit-test";
		};
		A46A21DC22AFEC59002494C5 /* weatherUITests */ = {
			isa = PBXNativeTarget;
			buildConfigurationList = A46A21EC22AFEC5A002494C5 /* Build configuration list for PBXNativeTarget "weatherUITests" */;
			buildPhases = (
				F23CD99A9024ECE44FB45E2E /* [CP] Check Pods Manifest.lock */,
				A46A21D922AFEC59002494C5 /* Sources */,
				A46A21DA22AFEC59002494C5 /* Frameworks */,
				A46A21DB22AFEC59002494C5 /* Resources */,
			);
			buildRules = (
			);
			dependencies = (
				A46A21DF22AFEC59002494C5 /* PBXTargetDependency */,
			);
			name = weatherUITests;
			productName = weatherUITests;
			productReference = A46A21DD22AFEC59002494C5 /* weatherUITests.xctest */;
			productType = "com.apple.product-type.bundle.ui-testing";
		};
/* End PBXNativeTarget section */

/* Begin PBXProject section */
		A46A21B322AFEC54002494C5 /* Project object */ = {
			isa = PBXProject;
			attributes = {
				LastSwiftUpdateCheck = 1010;
				LastUpgradeCheck = 1010;
				ORGANIZATIONNAME = Zyma;
				TargetAttributes = {
					A46A21BA22AFEC54002494C5 = {
						CreatedOnToolsVersion = 10.1;
					};
					A46A21D122AFEC59002494C5 = {
						CreatedOnToolsVersion = 10.1;
						TestTargetID = A46A21BA22AFEC54002494C5;
					};
					A46A21DC22AFEC59002494C5 = {
						CreatedOnToolsVersion = 10.1;
						TestTargetID = A46A21BA22AFEC54002494C5;
					};
				};
			};
			buildConfigurationList = A46A21B622AFEC54002494C5 /* Build configuration list for PBXProject "weather" */;
			compatibilityVersion = "Xcode 9.3";
			developmentRegion = en;
			hasScannedForEncodings = 0;
			knownRegions = (
				en,
				Base,
			);
			mainGroup = A46A21B222AFEC54002494C5;
			productRefGroup = A46A21BC22AFEC55002494C5 /* Products */;
			projectDirPath = "";
			projectRoot = "";
			targets = (
				A46A21BA22AFEC54002494C5 /* weather */,
				A46A21D122AFEC59002494C5 /* weatherTests */,
				A46A21DC22AFEC59002494C5 /* weatherUITests */,
			);
		};
/* End PBXProject section */

/* Begin PBXResourcesBuildPhase section */
		A46A21B922AFEC54002494C5 /* Resources */ = {
			isa = PBXResourcesBuildPhase;
			buildActionMask = 2147483647;
			files = (
				A47A74C422DB7C5000F1273F /* WeatherTownViewController.xib in Resources */,
				A46A21CC22AFEC59002494C5 /* LaunchScreen.storyboard in Resources */,
				A4CE7D2222CF0E9000AB8EEF /* WeatherTownViewCell.xib in Resources */,
				A46A21C922AFEC59002494C5 /* Assets.xcassets in Resources */,
				A46A21C422AFEC55002494C5 /* Main.storyboard in Resources */,
			);
			runOnlyForDeploymentPostprocessing = 0;
		};
		A46A21D022AFEC59002494C5 /* Resources */ = {
			isa = PBXResourcesBuildPhase;
			buildActionMask = 2147483647;
			files = (
			);
			runOnlyForDeploymentPostprocessing = 0;
		};
		A46A21DB22AFEC59002494C5 /* Resources */ = {
			isa = PBXResourcesBuildPhase;
			buildActionMask = 2147483647;
			files = (
			);
			runOnlyForDeploymentPostprocessing = 0;
		};
/* End PBXResourcesBuildPhase section */

/* Begin PBXShellScriptBuildPhase section */
		0A24834EEA6E011656A46C94 /* [CP] Check Pods Manifest.lock */ = {
			isa = PBXShellScriptBuildPhase;
			buildActionMask = 2147483647;
			files = (
			);
			inputFileListPaths = (
			);
			inputPaths = (
				"${PODS_PODFILE_DIR_PATH}/Podfile.lock",
				"${PODS_ROOT}/Manifest.lock",
			);
			name = "[CP] Check Pods Manifest.lock";
			outputFileListPaths = (
			);
			outputPaths = (
				"$(DERIVED_FILE_DIR)/Pods-weatherTests-checkManifestLockResult.txt",
			);
			runOnlyForDeploymentPostprocessing = 0;
			shellPath = /bin/sh;
			shellScript = "diff \"${PODS_PODFILE_DIR_PATH}/Podfile.lock\" \"${PODS_ROOT}/Manifest.lock\" > /dev/null\nif [ $? != 0 ] ; then\n    # print error to STDERR\n    echo \"error: The sandbox is not in sync with the Podfile.lock. Run 'pod install' or update your CocoaPods installation.\" >&2\n    exit 1\nfi\n# This output is used by Xcode 'outputs' to avoid re-running this script phase.\necho \"SUCCESS\" > \"${SCRIPT_OUTPUT_FILE_0}\"\n";
			showEnvVarsInLog = 0;
		};
		3447C3FFA4FDA508E86C4E69 /* [CP] Check Pods Manifest.lock */ = {
			isa = PBXShellScriptBuildPhase;
			buildActionMask = 2147483647;
			files = (
			);
			inputFileListPaths = (
			);
			inputPaths = (
				"${PODS_PODFILE_DIR_PATH}/Podfile.lock",
				"${PODS_ROOT}/Manifest.lock",
			);
			name = "[CP] Check Pods Manifest.lock";
			outputFileListPaths = (
			);
			outputPaths = (
				"$(DERIVED_FILE_DIR)/Pods-weather-checkManifestLockResult.txt",
			);
			runOnlyForDeploymentPostprocessing = 0;
			shellPath = /bin/sh;
			shellScript = "diff \"${PODS_PODFILE_DIR_PATH}/Podfile.lock\" \"${PODS_ROOT}/Manifest.lock\" > /dev/null\nif [ $? != 0 ] ; then\n    # print error to STDERR\n    echo \"error: The sandbox is not in sync with the Podfile.lock. Run 'pod install' or update your CocoaPods installation.\" >&2\n    exit 1\nfi\n# This output is used by Xcode 'outputs' to avoid re-running this script phase.\necho \"SUCCESS\" > \"${SCRIPT_OUTPUT_FILE_0}\"\n";
			showEnvVarsInLog = 0;
		};
		D84FF50F3BA8392DDBF686A0 /* [CP] Embed Pods Frameworks */ = {
			isa = PBXShellScriptBuildPhase;
			buildActionMask = 2147483647;
			files = (
			);
			inputFileListPaths = (
				"${PODS_ROOT}/Target Support Files/Pods-weather/Pods-weather-frameworks-${CONFIGURATION}-input-files.xcfilelist",
			);
			name = "[CP] Embed Pods Frameworks";
			outputFileListPaths = (
				"${PODS_ROOT}/Target Support Files/Pods-weather/Pods-weather-frameworks-${CONFIGURATION}-output-files.xcfilelist",
			);
			runOnlyForDeploymentPostprocessing = 0;
			shellPath = /bin/sh;
			shellScript = "\"${PODS_ROOT}/Target Support Files/Pods-weather/Pods-weather-frameworks.sh\"\n";
			showEnvVarsInLog = 0;
		};
		F23CD99A9024ECE44FB45E2E /* [CP] Check Pods Manifest.lock */ = {
			isa = PBXShellScriptBuildPhase;
			buildActionMask = 2147483647;
			files = (
			);
			inputFileListPaths = (
			);
			inputPaths = (
				"${PODS_PODFILE_DIR_PATH}/Podfile.lock",
				"${PODS_ROOT}/Manifest.lock",
			);
			name = "[CP] Check Pods Manifest.lock";
			outputFileListPaths = (
			);
			outputPaths = (
				"$(DERIVED_FILE_DIR)/Pods-weatherUITests-checkManifestLockResult.txt",
			);
			runOnlyForDeploymentPostprocessing = 0;
			shellPath = /bin/sh;
			shellScript = "diff \"${PODS_PODFILE_DIR_PATH}/Podfile.lock\" \"${PODS_ROOT}/Manifest.lock\" > /dev/null\nif [ $? != 0 ] ; then\n    # print error to STDERR\n    echo \"error: The sandbox is not in sync with the Podfile.lock. Run 'pod install' or update your CocoaPods installation.\" >&2\n    exit 1\nfi\n# This output is used by Xcode 'outputs' to avoid re-running this script phase.\necho \"SUCCESS\" > \"${SCRIPT_OUTPUT_FILE_0}\"\n";
			showEnvVarsInLog = 0;
		};
/* End PBXShellScriptBuildPhase section */

/* Begin PBXSourcesBuildPhase section */
		A46A21B722AFEC54002494C5 /* Sources */ = {
			isa = PBXSourcesBuildPhase;
			buildActionMask = 2147483647;
			files = (
				A460747422B3975200FDCAE1 /* ForecastTableViewCell.swift in Sources */,
				A415B9B422D45DD20077783A /* ErrorInfo.swift in Sources */,
				A47A74C122DB7C5000F1273F /* WeatherTownProtocols.swift in Sources */,
				A47A74BF22DB7C5000F1273F /* WeatherTownInteractor.swift in Sources */,
				A47A74C322DB7C5000F1273F /* WeatherTownViewController.swift in Sources */,
				A47A74C222DB7C5000F1273F /* WeatherTownRouter.swift in Sources */,
				A4AB528122D0A5CE00D9ED7B /* ButtonView.swift in Sources */,
				A461A12222B4E9B600F20DD4 /* TownItemDB.swift in Sources */,
				A4EAF97322B01755009A1C4C /* ForecastProtocols.swift in Sources */,
				A4EAF97222B01755009A1C4C /* ForecastPresenter.swift in Sources */,
				A461A11C22B4DFB500F20DD4 /* ForecastModel.swift in Sources */,
				A4EAF97F22B01A79009A1C4C /* WeatherTownInteractorDB.swift in Sources */,
				A46A21C722AFEC55002494C5 /* weather.xcdatamodeld in Sources */,
				A4EAF97122B01755009A1C4C /* ForecastInteractor.swift in Sources */,
				A4CE7D2122CF0E9000AB8EEF /* WeatherTownViewCell.swift in Sources */,
				A47A74C022DB7C5000F1273F /* WeatherTownPresenter.swift in Sources */,
				A461A11A22B4DF8400F20DD4 /* TownModel.swift in Sources */,
				A4EAF97422B01755009A1C4C /* ForecastRouter.swift in Sources */,
				A47B060122CD3C4C00B5F1B4 /* WeatherTownInteractorAPI.swift in Sources */,
				A4EAF97522B01755009A1C4C /* ForecastViewController.swift in Sources */,
				A461A11E22B4DFEC00F20DD4 /* TownDataBase.swift in Sources */,
				A46A21BF22AFEC55002494C5 /* AppDelegate.swift in Sources */,
				A4A733EE22C70D5D007ECE70 /* ForecastAPIModel.swift in Sources */,
				A43EF24822B3C87900C8B793 /* WeatherTownPresenterCell.swift in Sources */,
				A461A12022B4E01000F20DD4 /* NetworkServiceAPI.swift in Sources */,
				A4A733F022C71008007ECE70 /* TownAPIModel.swift in Sources */,
			);
			runOnlyForDeploymentPostprocessing = 0;
		};
		A46A21CE22AFEC59002494C5 /* Sources */ = {
			isa = PBXSourcesBuildPhase;
			buildActionMask = 2147483647;
			files = (
				A46A21D722AFEC59002494C5 /* weatherTests.swift in Sources */,
			);
			runOnlyForDeploymentPostprocessing = 0;
		};
		A46A21D922AFEC59002494C5 /* Sources */ = {
			isa = PBXSourcesBuildPhase;
			buildActionMask = 2147483647;
			files = (
				A46A21E222AFEC59002494C5 /* weatherUITests.swift in Sources */,
			);
			runOnlyForDeploymentPostprocessing = 0;
		};
/* End PBXSourcesBuildPhase section */

/* Begin PBXTargetDependency section */
		A46A21D422AFEC59002494C5 /* PBXTargetDependency */ = {
			isa = PBXTargetDependency;
			target = A46A21BA22AFEC54002494C5 /* weather */;
			targetProxy = A46A21D322AFEC59002494C5 /* PBXContainerItemProxy */;
		};
		A46A21DF22AFEC59002494C5 /* PBXTargetDependency */ = {
			isa = PBXTargetDependency;
			target = A46A21BA22AFEC54002494C5 /* weather */;
			targetProxy = A46A21DE22AFEC59002494C5 /* PBXContainerItemProxy */;
		};
/* End PBXTargetDependency section */

/* Begin PBXVariantGroup section */
		A46A21C222AFEC55002494C5 /* Main.storyboard */ = {
			isa = PBXVariantGroup;
			children = (
				A46A21C322AFEC55002494C5 /* Base */,
			);
			name = Main.storyboard;
			sourceTree = "<group>";
		};
		A46A21CA22AFEC59002494C5 /* LaunchScreen.storyboard */ = {
			isa = PBXVariantGroup;
			children = (
				A46A21CB22AFEC59002494C5 /* Base */,
			);
			name = LaunchScreen.storyboard;
			sourceTree = "<group>";
		};
/* End PBXVariantGroup section */

/* Begin XCBuildConfiguration section */
		A46A21E422AFEC59002494C5 /* Debug */ = {
			isa = XCBuildConfiguration;
			buildSettings = {
				ALWAYS_SEARCH_USER_PATHS = NO;
				CLANG_ANALYZER_NONNULL = YES;
				CLANG_ANALYZER_NUMBER_OBJECT_CONVERSION = YES_AGGRESSIVE;
				CLANG_CXX_LANGUAGE_STANDARD = "gnu++14";
				CLANG_CXX_LIBRARY = "libc++";
				CLANG_ENABLE_MODULES = YES;
				CLANG_ENABLE_OBJC_ARC = YES;
				CLANG_ENABLE_OBJC_WEAK = YES;
				CLANG_WARN_BLOCK_CAPTURE_AUTORELEASING = YES;
				CLANG_WARN_BOOL_CONVERSION = YES;
				CLANG_WARN_COMMA = YES;
				CLANG_WARN_CONSTANT_CONVERSION = YES;
				CLANG_WARN_DEPRECATED_OBJC_IMPLEMENTATIONS = YES;
				CLANG_WARN_DIRECT_OBJC_ISA_USAGE = YES_ERROR;
				CLANG_WARN_DOCUMENTATION_COMMENTS = YES;
				CLANG_WARN_EMPTY_BODY = YES;
				CLANG_WARN_ENUM_CONVERSION = YES;
				CLANG_WARN_INFINITE_RECURSION = YES;
				CLANG_WARN_INT_CONVERSION = YES;
				CLANG_WARN_NON_LITERAL_NULL_CONVERSION = YES;
				CLANG_WARN_OBJC_IMPLICIT_RETAIN_SELF = YES;
				CLANG_WARN_OBJC_LITERAL_CONVERSION = YES;
				CLANG_WARN_OBJC_ROOT_CLASS = YES_ERROR;
				CLANG_WARN_RANGE_LOOP_ANALYSIS = YES;
				CLANG_WARN_STRICT_PROTOTYPES = YES;
				CLANG_WARN_SUSPICIOUS_MOVE = YES;
				CLANG_WARN_UNGUARDED_AVAILABILITY = YES_AGGRESSIVE;
				CLANG_WARN_UNREACHABLE_CODE = YES;
				CLANG_WARN__DUPLICATE_METHOD_MATCH = YES;
				CODE_SIGN_IDENTITY = "iPhone Developer";
				COPY_PHASE_STRIP = NO;
				DEBUG_INFORMATION_FORMAT = dwarf;
				ENABLE_STRICT_OBJC_MSGSEND = YES;
				ENABLE_TESTABILITY = YES;
				GCC_C_LANGUAGE_STANDARD = gnu11;
				GCC_DYNAMIC_NO_PIC = NO;
				GCC_NO_COMMON_BLOCKS = YES;
				GCC_OPTIMIZATION_LEVEL = 0;
				GCC_PREPROCESSOR_DEFINITIONS = (
					"DEBUG=1",
					"$(inherited)",
				);
				GCC_WARN_64_TO_32_BIT_CONVERSION = YES;
				GCC_WARN_ABOUT_RETURN_TYPE = YES_ERROR;
				GCC_WARN_UNDECLARED_SELECTOR = YES;
				GCC_WARN_UNINITIALIZED_AUTOS = YES_AGGRESSIVE;
				GCC_WARN_UNUSED_FUNCTION = YES;
				GCC_WARN_UNUSED_VARIABLE = YES;
				IPHONEOS_DEPLOYMENT_TARGET = 12.1;
				MTL_ENABLE_DEBUG_INFO = INCLUDE_SOURCE;
				MTL_FAST_MATH = YES;
				ONLY_ACTIVE_ARCH = YES;
				SDKROOT = iphoneos;
				SWIFT_ACTIVE_COMPILATION_CONDITIONS = DEBUG;
				SWIFT_OPTIMIZATION_LEVEL = "-Onone";
			};
			name = Debug;
		};
		A46A21E522AFEC59002494C5 /* Release */ = {
			isa = XCBuildConfiguration;
			buildSettings = {
				ALWAYS_SEARCH_USER_PATHS = NO;
				CLANG_ANALYZER_NONNULL = YES;
				CLANG_ANALYZER_NUMBER_OBJECT_CONVERSION = YES_AGGRESSIVE;
				CLANG_CXX_LANGUAGE_STANDARD = "gnu++14";
				CLANG_CXX_LIBRARY = "libc++";
				CLANG_ENABLE_MODULES = YES;
				CLANG_ENABLE_OBJC_ARC = YES;
				CLANG_ENABLE_OBJC_WEAK = YES;
				CLANG_WARN_BLOCK_CAPTURE_AUTORELEASING = YES;
				CLANG_WARN_BOOL_CONVERSION = YES;
				CLANG_WARN_COMMA = YES;
				CLANG_WARN_CONSTANT_CONVERSION = YES;
				CLANG_WARN_DEPRECATED_OBJC_IMPLEMENTATIONS = YES;
				CLANG_WARN_DIRECT_OBJC_ISA_USAGE = YES_ERROR;
				CLANG_WARN_DOCUMENTATION_COMMENTS = YES;
				CLANG_WARN_EMPTY_BODY = YES;
				CLANG_WARN_ENUM_CONVERSION = YES;
				CLANG_WARN_INFINITE_RECURSION = YES;
				CLANG_WARN_INT_CONVERSION = YES;
				CLANG_WARN_NON_LITERAL_NULL_CONVERSION = YES;
				CLANG_WARN_OBJC_IMPLICIT_RETAIN_SELF = YES;
				CLANG_WARN_OBJC_LITERAL_CONVERSION = YES;
				CLANG_WARN_OBJC_ROOT_CLASS = YES_ERROR;
				CLANG_WARN_RANGE_LOOP_ANALYSIS = YES;
				CLANG_WARN_STRICT_PROTOTYPES = YES;
				CLANG_WARN_SUSPICIOUS_MOVE = YES;
				CLANG_WARN_UNGUARDED_AVAILABILITY = YES_AGGRESSIVE;
				CLANG_WARN_UNREACHABLE_CODE = YES;
				CLANG_WARN__DUPLICATE_METHOD_MATCH = YES;
				CODE_SIGN_IDENTITY = "iPhone Developer";
				COPY_PHASE_STRIP = NO;
				DEBUG_INFORMATION_FORMAT = "dwarf-with-dsym";
				ENABLE_NS_ASSERTIONS = NO;
				ENABLE_STRICT_OBJC_MSGSEND = YES;
				GCC_C_LANGUAGE_STANDARD = gnu11;
				GCC_NO_COMMON_BLOCKS = YES;
				GCC_WARN_64_TO_32_BIT_CONVERSION = YES;
				GCC_WARN_ABOUT_RETURN_TYPE = YES_ERROR;
				GCC_WARN_UNDECLARED_SELECTOR = YES;
				GCC_WARN_UNINITIALIZED_AUTOS = YES_AGGRESSIVE;
				GCC_WARN_UNUSED_FUNCTION = YES;
				GCC_WARN_UNUSED_VARIABLE = YES;
				IPHONEOS_DEPLOYMENT_TARGET = 12.1;
				MTL_ENABLE_DEBUG_INFO = NO;
				MTL_FAST_MATH = YES;
				SDKROOT = iphoneos;
				SWIFT_COMPILATION_MODE = wholemodule;
				SWIFT_OPTIMIZATION_LEVEL = "-O";
				VALIDATE_PRODUCT = YES;
			};
			name = Release;
		};
		A46A21E722AFEC5A002494C5 /* Debug */ = {
			isa = XCBuildConfiguration;
			baseConfigurationReference = 3527E0D55AF70E89E50A0FAE /* Pods-weather.debug.xcconfig */;
			buildSettings = {
				ASSETCATALOG_COMPILER_APPICON_NAME = AppIcon;
				CODE_SIGN_STYLE = Automatic;
				INFOPLIST_FILE = weather/Info.plist;
				LD_RUNPATH_SEARCH_PATHS = (
					"$(inherited)",
					"@executable_path/Frameworks",
				);
				PRODUCT_BUNDLE_IDENTIFIER = hometask.weather;
				PRODUCT_NAME = "$(TARGET_NAME)";
				SWIFT_VERSION = 4.2;
				TARGETED_DEVICE_FAMILY = "1,2";
			};
			name = Debug;
		};
		A46A21E822AFEC5A002494C5 /* Release */ = {
			isa = XCBuildConfiguration;
			baseConfigurationReference = 1C068B3221A3E6A6B13A3D52 /* Pods-weather.release.xcconfig */;
			buildSettings = {
				ASSETCATALOG_COMPILER_APPICON_NAME = AppIcon;
				CODE_SIGN_STYLE = Automatic;
				INFOPLIST_FILE = weather/Info.plist;
				LD_RUNPATH_SEARCH_PATHS = (
					"$(inherited)",
					"@executable_path/Frameworks",
				);
				PRODUCT_BUNDLE_IDENTIFIER = hometask.weather;
				PRODUCT_NAME = "$(TARGET_NAME)";
				SWIFT_VERSION = 4.2;
				TARGETED_DEVICE_FAMILY = "1,2";
			};
			name = Release;
		};
		A46A21EA22AFEC5A002494C5 /* Debug */ = {
			isa = XCBuildConfiguration;
			baseConfigurationReference = 8896A7C59D8BAF4B80980CD6 /* Pods-weatherTests.debug.xcconfig */;
			buildSettings = {
				ALWAYS_EMBED_SWIFT_STANDARD_LIBRARIES = YES;
				BUNDLE_LOADER = "$(TEST_HOST)";
				CODE_SIGN_STYLE = Automatic;
				INFOPLIST_FILE = weatherTests/Info.plist;
				LD_RUNPATH_SEARCH_PATHS = (
					"$(inherited)",
					"@executable_path/Frameworks",
					"@loader_path/Frameworks",
				);
				PRODUCT_BUNDLE_IDENTIFIER = hometask.weatherTests;
				PRODUCT_NAME = "$(TARGET_NAME)";
				SWIFT_VERSION = 4.2;
				TARGETED_DEVICE_FAMILY = "1,2";
				TEST_HOST = "$(BUILT_PRODUCTS_DIR)/weather.app/weather";
			};
			name = Debug;
		};
		A46A21EB22AFEC5A002494C5 /* Release */ = {
			isa = XCBuildConfiguration;
			baseConfigurationReference = 5683C05319A6038D5ACADB64 /* Pods-weatherTests.release.xcconfig */;
			buildSettings = {
				ALWAYS_EMBED_SWIFT_STANDARD_LIBRARIES = YES;
				BUNDLE_LOADER = "$(TEST_HOST)";
				CODE_SIGN_STYLE = Automatic;
				INFOPLIST_FILE = weatherTests/Info.plist;
				LD_RUNPATH_SEARCH_PATHS = (
					"$(inherited)",
					"@executable_path/Frameworks",
					"@loader_path/Frameworks",
				);
				PRODUCT_BUNDLE_IDENTIFIER = hometask.weatherTests;
				PRODUCT_NAME = "$(TARGET_NAME)";
				SWIFT_VERSION = 4.2;
				TARGETED_DEVICE_FAMILY = "1,2";
				TEST_HOST = "$(BUILT_PRODUCTS_DIR)/weather.app/weather";
			};
			name = Release;
		};
		A46A21ED22AFEC5A002494C5 /* Debug */ = {
			isa = XCBuildConfiguration;
			baseConfigurationReference = CB90B832D3D888B96A900F86 /* Pods-weatherUITests.debug.xcconfig */;
			buildSettings = {
				ALWAYS_EMBED_SWIFT_STANDARD_LIBRARIES = YES;
				CODE_SIGN_STYLE = Automatic;
				INFOPLIST_FILE = weatherUITests/Info.plist;
				LD_RUNPATH_SEARCH_PATHS = (
					"$(inherited)",
					"@executable_path/Frameworks",
					"@loader_path/Frameworks",
				);
				PRODUCT_BUNDLE_IDENTIFIER = hometask.weatherUITests;
				PRODUCT_NAME = "$(TARGET_NAME)";
				SWIFT_VERSION = 4.2;
				TARGETED_DEVICE_FAMILY = "1,2";
				TEST_TARGET_NAME = weather;
			};
			name = Debug;
		};
		A46A21EE22AFEC5A002494C5 /* Release */ = {
			isa = XCBuildConfiguration;
			baseConfigurationReference = 38B51376AF49130D1B80E3C5 /* Pods-weatherUITests.release.xcconfig */;
			buildSettings = {
				ALWAYS_EMBED_SWIFT_STANDARD_LIBRARIES = YES;
				CODE_SIGN_STYLE = Automatic;
				INFOPLIST_FILE = weatherUITests/Info.plist;
				LD_RUNPATH_SEARCH_PATHS = (
					"$(inherited)",
					"@executable_path/Frameworks",
					"@loader_path/Frameworks",
				);
				PRODUCT_BUNDLE_IDENTIFIER = hometask.weatherUITests;
				PRODUCT_NAME = "$(TARGET_NAME)";
				SWIFT_VERSION = 4.2;
				TARGETED_DEVICE_FAMILY = "1,2";
				TEST_TARGET_NAME = weather;
			};
			name = Release;
		};
/* End XCBuildConfiguration section */

/* Begin XCConfigurationList section */
		A46A21B622AFEC54002494C5 /* Build configuration list for PBXProject "weather" */ = {
			isa = XCConfigurationList;
			buildConfigurations = (
				A46A21E422AFEC59002494C5 /* Debug */,
				A46A21E522AFEC59002494C5 /* Release */,
			);
			defaultConfigurationIsVisible = 0;
			defaultConfigurationName = Release;
		};
		A46A21E622AFEC5A002494C5 /* Build configuration list for PBXNativeTarget "weather" */ = {
			isa = XCConfigurationList;
			buildConfigurations = (
				A46A21E722AFEC5A002494C5 /* Debug */,
				A46A21E822AFEC5A002494C5 /* Release */,
			);
			defaultConfigurationIsVisible = 0;
			defaultConfigurationName = Release;
		};
		A46A21E922AFEC5A002494C5 /* Build configuration list for PBXNativeTarget "weatherTests" */ = {
			isa = XCConfigurationList;
			buildConfigurations = (
				A46A21EA22AFEC5A002494C5 /* Debug */,
				A46A21EB22AFEC5A002494C5 /* Release */,
			);
			defaultConfigurationIsVisible = 0;
			defaultConfigurationName = Release;
		};
		A46A21EC22AFEC5A002494C5 /* Build configuration list for PBXNativeTarget "weatherUITests" */ = {
			isa = XCConfigurationList;
			buildConfigurations = (
				A46A21ED22AFEC5A002494C5 /* Debug */,
				A46A21EE22AFEC5A002494C5 /* Release */,
			);
			defaultConfigurationIsVisible = 0;
			defaultConfigurationName = Release;
		};
/* End XCConfigurationList section */

/* Begin XCVersionGroup section */
		A46A21C522AFEC55002494C5 /* weather.xcdatamodeld */ = {
			isa = XCVersionGroup;
			children = (
				A46A21C622AFEC55002494C5 /* weather.xcdatamodel */,
			);
			currentVersion = A46A21C622AFEC55002494C5 /* weather.xcdatamodel */;
			path = weather.xcdatamodeld;
			sourceTree = "<group>";
			versionGroupType = wrapper.xcdatamodel;
		};
/* End XCVersionGroup section */
	};
	rootObject = A46A21B322AFEC54002494C5 /* Project object */;
}
